
Microsoft Visual Studio Solution File, Format Version 12.00
# Visual Studio Version 17
VisualStudioVersion = 17.5.002.0
MinimumVisualStudioVersion = 10.0.40219.1
Project("{9A19103F-16F7-4668-BE54-9A1E7A4F7556}") = "main", "main.csproj", "{6E2900FA-A761-4877-A71C-8D10F1F7BDEE}"
EndProject
Global
	GlobalSection(SolutionConfigurationPlatforms) = preSolution
		Debug|Any CPU = Debug|Any CPU
		Release|Any CPU = Release|Any CPU
	EndGlobalSection
	GlobalSection(ProjectConfigurationPlatforms) = postSolution
		{6E2900FA-A761-4877-A71C-8D10F1F7BDEE}.Debug|Any CPU.ActiveCfg = Debug|Any CPU
		{6E2900FA-A761-4877-A71C-8D10F1F7BDEE}.Debug|Any CPU.Build.0 = Debug|Any CPU
		{6E2900FA-A761-4877-A71C-8D10F1F7BDEE}.Release|Any CPU.ActiveCfg = Release|Any CPU
		{6E2900FA-A761-4877-A71C-8D10F1F7BDEE}.Release|Any CPU.Build.0 = Release|Any CPU
	EndGlobalSection
	GlobalSection(SolutionProperties) = preSolution
		HideSolutionNode = FALSE
	EndGlobalSection
	GlobalSection(ExtensibilityGlobals) = postSolution
		SolutionGuid = {528D90BD-73AD-4E13-ACBB-F5187084D1E9}
	EndGlobalSection
EndGlobal
